
Microsoft Visual Studio Solution File, Format Version 12.00
# Visual Studio 15
VisualStudioVersion = 15.0.28307.421
MinimumVisualStudioVersion = 10.0.40219.1
Project("{159641D6-6404-4A2A-AE62-294DE0FE8301}") = "ETLbasics", "ETLbasics\ETLbasics.dtproj", "{723DA675-4900-4694-838A-D88CC2F9C64B}"
EndProject
Global
	GlobalSection(SolutionConfigurationPlatforms) = preSolution
		Development|Default = Development|Default
	EndGlobalSection
	GlobalSection(ProjectConfigurationPlatforms) = postSolution
		{723DA675-4900-4694-838A-D88CC2F9C64B}.Development|Default.ActiveCfg = Development
		{723DA675-4900-4694-838A-D88CC2F9C64B}.Development|Default.Build.0 = Development
	EndGlobalSection
	GlobalSection(SolutionProperties) = preSolution
		HideSolutionNode = FALSE
	EndGlobalSection
	GlobalSection(ExtensibilityGlobals) = postSolution
		SolutionGuid = {9310B95F-F7F3-4971-A07E-A4A9965DFD37}
	EndGlobalSection
EndGlobal
